{
  "name": "@svogv/bootstrap",
  "version": "1.0.11",
  "lockfileVersion": 1,
  "requires": true,
  "dependencies": {
    "@svogv/core": {
      "version": "1.0.11",
      "resolved": "https://registry.npmjs.org/@svogv/core/-/core-1.0.11.tgz",
      "integrity": "sha512-YuRbjiDHIXL+xKwS+3dEufbTJ87qKKHATD+4ACnUIARwYnWez/w0CAmdwUX5kGVEU6L+i1uA5hDO+vglASSztw==",
      "requires": {
        "tslib": "^2.0.0"
      }
    },
    "tslib": {
      "version": "2.0.3",
      "resolved": "https://registry.npmjs.org/tslib/-/tslib-2.0.3.tgz",
      "integrity": "sha512-uZtkfKblCEQtZKBF6EBXVZeQNl82yqtDQdv+eck8u7tdPxjLu2/lp5/uPW+um2tpuxINHWy3GhiccY7QgEaVHQ=="
    }
  }
}
